
Microsoft Visual Studio Solution File, Format Version 12.00
# Visual Studio Version 16
VisualStudioVersion = 16.0.31005.135
MinimumVisualStudioVersion = 10.0.40219.1
Project("{8BC9CEB8-8B4A-11D0-8D11-00A0C91BC942}") = "Program 3", "Program 3\Program 3.vcxproj", "{DDD87BDC-4532-49FC-9039-30684F4422F5}"
EndProject
Global
	GlobalSection(SolutionConfigurationPlatforms) = preSolution
		Debug|x64 = Debug|x64
		Debug|x86 = Debug|x86
		Release|x64 = Release|x64
		Release|x86 = Release|x86
	EndGlobalSection
	GlobalSection(ProjectConfigurationPlatforms) = postSolution
		{DDD87BDC-4532-49FC-9039-30684F4422F5}.Debug|x64.ActiveCfg = Debug|x64
		{DDD87BDC-4532-49FC-9039-30684F4422F5}.Debug|x64.Build.0 = Debug|x64
		{DDD87BDC-4532-49FC-9039-30684F4422F5}.Debug|x86.ActiveCfg = Debug|Win32
		{DDD87BDC-4532-49FC-9039-30684F4422F5}.Debug|x86.Build.0 = Debug|Win32
		{DDD87BDC-4532-49FC-9039-30684F4422F5}.Release|x64.ActiveCfg = Release|x64
		{DDD87BDC-4532-49FC-9039-30684F4422F5}.Release|x64.Build.0 = Release|x64
		{DDD87BDC-4532-49FC-9039-30684F4422F5}.Release|x86.ActiveCfg = Release|Win32
		{DDD87BDC-4532-49FC-9039-30684F4422F5}.Release|x86.Build.0 = Release|Win32
	EndGlobalSection
	GlobalSection(SolutionProperties) = preSolution
		HideSolutionNode = FALSE
	EndGlobalSection
	GlobalSection(ExtensibilityGlobals) = postSolution
		SolutionGuid = {F3D52BD4-5EB0-4C45-A4E8-136E930C10D9}
	EndGlobalSection
EndGlobal
